
Microsoft Visual Studio Solution File, Format Version 12.00
# Visual Studio 15
VisualStudioVersion = 15.0.28307.329
MinimumVisualStudioVersion = 10.0.40219.1
Project("{FAE04EC0-301F-11D3-BF4B-00C04F79EFBC}") = "ApiLiburu", "ApiLiburu\ApiLiburu.csproj", "{A1481280-0F98-4F9A-8B53-A98241253ED5}"
EndProject
Global
	GlobalSection(SolutionConfigurationPlatforms) = preSolution
		Debug|Any CPU = Debug|Any CPU
		Release|Any CPU = Release|Any CPU
	EndGlobalSection
	GlobalSection(ProjectConfigurationPlatforms) = postSolution
		{A1481280-0F98-4F9A-8B53-A98241253ED5}.Debug|Any CPU.ActiveCfg = Debug|Any CPU
		{A1481280-0F98-4F9A-8B53-A98241253ED5}.Debug|Any CPU.Build.0 = Debug|Any CPU
		{A1481280-0F98-4F9A-8B53-A98241253ED5}.Release|Any CPU.ActiveCfg = Release|Any CPU
		{A1481280-0F98-4F9A-8B53-A98241253ED5}.Release|Any CPU.Build.0 = Release|Any CPU
	EndGlobalSection
	GlobalSection(SolutionProperties) = preSolution
		HideSolutionNode = FALSE
	EndGlobalSection
	GlobalSection(ExtensibilityGlobals) = postSolution
		SolutionGuid = {B0F8E8A0-854B-4186-A300-2408DE106A18}
	EndGlobalSection
EndGlobal
